
Microsoft Visual Studio Solution File, Format Version 11.00
# Visual Studio 2010
Project("{FAE04EC0-301F-11D3-BF4B-00C04F79EFBC}") = "AbstractFactory", "AbstractFactory\AbstractFactory.csproj", "{17CD42ED-66E1-4A3E-B8F2-D25C9859A5EF}"
EndProject
Project("{FAE04EC0-301F-11D3-BF4B-00C04F79EFBC}") = "Factory", "Factory\Factory.csproj", "{FD56228C-85C5-4D48-AD4B-0779F045E2FA}"
EndProject
Project("{FAE04EC0-301F-11D3-BF4B-00C04F79EFBC}") = "ProtoType", "ProtoType\ProtoType.csproj", "{0D104ED9-6692-445A-845E-93286EDE0F88}"
EndProject
Project("{FAE04EC0-301F-11D3-BF4B-00C04F79EFBC}") = "Builder", "Builder\Builder.csproj", "{B14043B9-38F9-49ED-9167-E141AE095362}"
EndProject
Project("{FAE04EC0-301F-11D3-BF4B-00C04F79EFBC}") = "Singleton", "Singleton\Singleton.csproj", "{2D16B0EA-9369-4FAE-8B66-6B351DAB99EE}"
EndProject
Project("{2150E333-8FDC-42A3-9474-1A3956D46DE8}") = "创建型", "创建型", "{C352905C-9D0B-4D60-91EC-26F716988CAC}"
EndProject
Project("{2150E333-8FDC-42A3-9474-1A3956D46DE8}") = "结构型", "结构型", "{824A9E60-EA83-4053-8123-68857D7C3DC7}"
EndProject
Project("{2150E333-8FDC-42A3-9474-1A3956D46DE8}") = "行为型", "行为型", "{D34CD9D4-8B4B-47CC-B27A-9EB3370E7B08}"
EndProject
Project("{FAE04EC0-301F-11D3-BF4B-00C04F79EFBC}") = "Adapter", "Adapter\Adapter.csproj", "{7DC9B52A-A0C5-4CF6-A036-E5AC028DCA3D}"
EndProject
Project("{FAE04EC0-301F-11D3-BF4B-00C04F79EFBC}") = "Proxy", "Proxy\Proxy.csproj", "{28C0502B-0C43-462D-A99A-2FA6ABAA3B36}"
EndProject
Project("{FAE04EC0-301F-11D3-BF4B-00C04F79EFBC}") = "Bridge", "Bridge\Bridge.csproj", "{B75F2998-1945-488A-B855-0E6022AD208F}"
EndProject
Project("{FAE04EC0-301F-11D3-BF4B-00C04F79EFBC}") = "Lab", "Lab\Lab.csproj", "{704A7DD1-6C76-4E59-AA22-402118430537}"
EndProject
Project("{FAE04EC0-301F-11D3-BF4B-00C04F79EFBC}") = "Decorator", "Decorator\Decorator.csproj", "{A543A38E-26E0-41BF-86C1-94F0A45E57A7}"
EndProject
Project("{FAE04EC0-301F-11D3-BF4B-00C04F79EFBC}") = "Facade", "Facade\Facade.csproj", "{71825391-87FC-4020-A27B-98447B411229}"
EndProject
Project("{FAE04EC0-301F-11D3-BF4B-00C04F79EFBC}") = "FlyWeight", "FlyWeight\FlyWeight.csproj", "{BE2B9941-BEDB-425A-9665-754822851FEC}"
EndProject
Project("{FAE04EC0-301F-11D3-BF4B-00C04F79EFBC}") = "TemplateMethod", "TemplateMethod\TemplateMethod.csproj", "{1A468B49-325A-4F33-95E0-926A3B2B258F}"
EndProject
Project("{FAE04EC0-301F-11D3-BF4B-00C04F79EFBC}") = "Composite", "Composite\Composite.csproj", "{0A6EDC55-FE9E-4EBD-AC38-352C4FD5CC49}"
EndProject
Project("{FAE04EC0-301F-11D3-BF4B-00C04F79EFBC}") = "Observer", "Observer\Observer.csproj", "{9CD40EC0-8078-408C-A049-3D47BD4497EF}"
EndProject
Project("{FAE04EC0-301F-11D3-BF4B-00C04F79EFBC}") = "Mediator", "Mediator\Mediator.csproj", "{305ACE78-3E45-4709-9978-822A92360BC9}"
EndProject
Project("{FAE04EC0-301F-11D3-BF4B-00C04F79EFBC}") = "Chain", "Chain\Chain.csproj", "{28163E8E-A703-4B14-8E0B-B0B5CA89CC93}"
EndProject
Project("{FAE04EC0-301F-11D3-BF4B-00C04F79EFBC}") = "Strategy", "Strategy\Strategy.csproj", "{74345491-AB08-4433-9A93-CBF44A5802DB}"
EndProject
Project("{FAE04EC0-301F-11D3-BF4B-00C04F79EFBC}") = "Visitor", "Visitor\Visitor.csproj", "{11D2264B-39D2-4BD0-A832-B6DB401FC9C0}"
EndProject
Project("{FAE04EC0-301F-11D3-BF4B-00C04F79EFBC}") = "Iterator", "Iterator\Iterator.csproj", "{16D1A433-7ED8-4F5A-BD42-57CBADB914D8}"
EndProject
Project("{FAE04EC0-301F-11D3-BF4B-00C04F79EFBC}") = "State", "State\State.csproj", "{33A9906C-B4E1-49EB-9F83-A869302FFE96}"
EndProject
Project("{FAE04EC0-301F-11D3-BF4B-00C04F79EFBC}") = "Memento", "Memento\Memento.csproj", "{8490CF99-3A77-4989-9105-0527D7EC0DA1}"
EndProject
Global
	GlobalSection(SolutionConfigurationPlatforms) = preSolution
		Debug|x86 = Debug|x86
		Release|x86 = Release|x86
	EndGlobalSection
	GlobalSection(ProjectConfigurationPlatforms) = postSolution
		{17CD42ED-66E1-4A3E-B8F2-D25C9859A5EF}.Debug|x86.ActiveCfg = Debug|x86
		{17CD42ED-66E1-4A3E-B8F2-D25C9859A5EF}.Debug|x86.Build.0 = Debug|x86
		{17CD42ED-66E1-4A3E-B8F2-D25C9859A5EF}.Release|x86.ActiveCfg = Release|x86
		{17CD42ED-66E1-4A3E-B8F2-D25C9859A5EF}.Release|x86.Build.0 = Release|x86
		{FD56228C-85C5-4D48-AD4B-0779F045E2FA}.Debug|x86.ActiveCfg = Debug|x86
		{FD56228C-85C5-4D48-AD4B-0779F045E2FA}.Debug|x86.Build.0 = Debug|x86
		{FD56228C-85C5-4D48-AD4B-0779F045E2FA}.Release|x86.ActiveCfg = Release|x86
		{FD56228C-85C5-4D48-AD4B-0779F045E2FA}.Release|x86.Build.0 = Release|x86
		{0D104ED9-6692-445A-845E-93286EDE0F88}.Debug|x86.ActiveCfg = Debug|x86
		{0D104ED9-6692-445A-845E-93286EDE0F88}.Debug|x86.Build.0 = Debug|x86
		{0D104ED9-6692-445A-845E-93286EDE0F88}.Release|x86.ActiveCfg = Release|x86
		{0D104ED9-6692-445A-845E-93286EDE0F88}.Release|x86.Build.0 = Release|x86
		{B14043B9-38F9-49ED-9167-E141AE095362}.Debug|x86.ActiveCfg = Debug|x86
		{B14043B9-38F9-49ED-9167-E141AE095362}.Debug|x86.Build.0 = Debug|x86
		{B14043B9-38F9-49ED-9167-E141AE095362}.Release|x86.ActiveCfg = Release|x86
		{B14043B9-38F9-49ED-9167-E141AE095362}.Release|x86.Build.0 = Release|x86
		{2D16B0EA-9369-4FAE-8B66-6B351DAB99EE}.Debug|x86.ActiveCfg = Debug|x86
		{2D16B0EA-9369-4FAE-8B66-6B351DAB99EE}.Debug|x86.Build.0 = Debug|x86
		{2D16B0EA-9369-4FAE-8B66-6B351DAB99EE}.Release|x86.ActiveCfg = Release|x86
		{2D16B0EA-9369-4FAE-8B66-6B351DAB99EE}.Release|x86.Build.0 = Release|x86
		{7DC9B52A-A0C5-4CF6-A036-E5AC028DCA3D}.Debug|x86.ActiveCfg = Debug|x86
		{7DC9B52A-A0C5-4CF6-A036-E5AC028DCA3D}.Debug|x86.Build.0 = Debug|x86
		{7DC9B52A-A0C5-4CF6-A036-E5AC028DCA3D}.Release|x86.ActiveCfg = Release|x86
		{7DC9B52A-A0C5-4CF6-A036-E5AC028DCA3D}.Release|x86.Build.0 = Release|x86
		{28C0502B-0C43-462D-A99A-2FA6ABAA3B36}.Debug|x86.ActiveCfg = Debug|x86
		{28C0502B-0C43-462D-A99A-2FA6ABAA3B36}.Debug|x86.Build.0 = Debug|x86
		{28C0502B-0C43-462D-A99A-2FA6ABAA3B36}.Release|x86.ActiveCfg = Release|x86
		{28C0502B-0C43-462D-A99A-2FA6ABAA3B36}.Release|x86.Build.0 = Release|x86
		{B75F2998-1945-488A-B855-0E6022AD208F}.Debug|x86.ActiveCfg = Debug|x86
		{B75F2998-1945-488A-B855-0E6022AD208F}.Debug|x86.Build.0 = Debug|x86
		{B75F2998-1945-488A-B855-0E6022AD208F}.Release|x86.ActiveCfg = Release|x86
		{B75F2998-1945-488A-B855-0E6022AD208F}.Release|x86.Build.0 = Release|x86
		{704A7DD1-6C76-4E59-AA22-402118430537}.Debug|x86.ActiveCfg = Debug|x86
		{704A7DD1-6C76-4E59-AA22-402118430537}.Debug|x86.Build.0 = Debug|x86
		{704A7DD1-6C76-4E59-AA22-402118430537}.Release|x86.ActiveCfg = Release|x86
		{704A7DD1-6C76-4E59-AA22-402118430537}.Release|x86.Build.0 = Release|x86
		{A543A38E-26E0-41BF-86C1-94F0A45E57A7}.Debug|x86.ActiveCfg = Debug|x86
		{A543A38E-26E0-41BF-86C1-94F0A45E57A7}.Debug|x86.Build.0 = Debug|x86
		{A543A38E-26E0-41BF-86C1-94F0A45E57A7}.Release|x86.ActiveCfg = Release|x86
		{A543A38E-26E0-41BF-86C1-94F0A45E57A7}.Release|x86.Build.0 = Release|x86
		{71825391-87FC-4020-A27B-98447B411229}.Debug|x86.ActiveCfg = Debug|x86
		{71825391-87FC-4020-A27B-98447B411229}.Debug|x86.Build.0 = Debug|x86
		{71825391-87FC-4020-A27B-98447B411229}.Release|x86.ActiveCfg = Release|x86
		{71825391-87FC-4020-A27B-98447B411229}.Release|x86.Build.0 = Release|x86
		{BE2B9941-BEDB-425A-9665-754822851FEC}.Debug|x86.ActiveCfg = Debug|x86
		{BE2B9941-BEDB-425A-9665-754822851FEC}.Debug|x86.Build.0 = Debug|x86
		{BE2B9941-BEDB-425A-9665-754822851FEC}.Release|x86.ActiveCfg = Release|x86
		{BE2B9941-BEDB-425A-9665-754822851FEC}.Release|x86.Build.0 = Release|x86
		{1A468B49-325A-4F33-95E0-926A3B2B258F}.Debug|x86.ActiveCfg = Debug|x86
		{1A468B49-325A-4F33-95E0-926A3B2B258F}.Debug|x86.Build.0 = Debug|x86
		{1A468B49-325A-4F33-95E0-926A3B2B258F}.Release|x86.ActiveCfg = Release|x86
		{1A468B49-325A-4F33-95E0-926A3B2B258F}.Release|x86.Build.0 = Release|x86
		{0A6EDC55-FE9E-4EBD-AC38-352C4FD5CC49}.Debug|x86.ActiveCfg = Debug|x86
		{0A6EDC55-FE9E-4EBD-AC38-352C4FD5CC49}.Debug|x86.Build.0 = Debug|x86
		{0A6EDC55-FE9E-4EBD-AC38-352C4FD5CC49}.Release|x86.ActiveCfg = Release|x86
		{0A6EDC55-FE9E-4EBD-AC38-352C4FD5CC49}.Release|x86.Build.0 = Release|x86
		{9CD40EC0-8078-408C-A049-3D47BD4497EF}.Debug|x86.ActiveCfg = Debug|x86
		{9CD40EC0-8078-408C-A049-3D47BD4497EF}.Debug|x86.Build.0 = Debug|x86
		{9CD40EC0-8078-408C-A049-3D47BD4497EF}.Release|x86.ActiveCfg = Release|x86
		{9CD40EC0-8078-408C-A049-3D47BD4497EF}.Release|x86.Build.0 = Release|x86
		{305ACE78-3E45-4709-9978-822A92360BC9}.Debug|x86.ActiveCfg = Debug|x86
		{305ACE78-3E45-4709-9978-822A92360BC9}.Debug|x86.Build.0 = Debug|x86
		{305ACE78-3E45-4709-9978-822A92360BC9}.Release|x86.ActiveCfg = Release|x86
		{305ACE78-3E45-4709-9978-822A92360BC9}.Release|x86.Build.0 = Release|x86
		{28163E8E-A703-4B14-8E0B-B0B5CA89CC93}.Debug|x86.ActiveCfg = Debug|x86
		{28163E8E-A703-4B14-8E0B-B0B5CA89CC93}.Debug|x86.Build.0 = Debug|x86
		{28163E8E-A703-4B14-8E0B-B0B5CA89CC93}.Release|x86.ActiveCfg = Release|x86
		{28163E8E-A703-4B14-8E0B-B0B5CA89CC93}.Release|x86.Build.0 = Release|x86
		{74345491-AB08-4433-9A93-CBF44A5802DB}.Debug|x86.ActiveCfg = Debug|x86
		{74345491-AB08-4433-9A93-CBF44A5802DB}.Debug|x86.Build.0 = Debug|x86
		{74345491-AB08-4433-9A93-CBF44A5802DB}.Release|x86.ActiveCfg = Release|x86
		{74345491-AB08-4433-9A93-CBF44A5802DB}.Release|x86.Build.0 = Release|x86
		{11D2264B-39D2-4BD0-A832-B6DB401FC9C0}.Debug|x86.ActiveCfg = Debug|x86
		{11D2264B-39D2-4BD0-A832-B6DB401FC9C0}.Debug|x86.Build.0 = Debug|x86
		{11D2264B-39D2-4BD0-A832-B6DB401FC9C0}.Release|x86.ActiveCfg = Release|x86
		{11D2264B-39D2-4BD0-A832-B6DB401FC9C0}.Release|x86.Build.0 = Release|x86
		{16D1A433-7ED8-4F5A-BD42-57CBADB914D8}.Debug|x86.ActiveCfg = Debug|x86
		{16D1A433-7ED8-4F5A-BD42-57CBADB914D8}.Debug|x86.Build.0 = Debug|x86
		{16D1A433-7ED8-4F5A-BD42-57CBADB914D8}.Release|x86.ActiveCfg = Release|x86
		{16D1A433-7ED8-4F5A-BD42-57CBADB914D8}.Release|x86.Build.0 = Release|x86
		{33A9906C-B4E1-49EB-9F83-A869302FFE96}.Debug|x86.ActiveCfg = Debug|x86
		{33A9906C-B4E1-49EB-9F83-A869302FFE96}.Debug|x86.Build.0 = Debug|x86
		{33A9906C-B4E1-49EB-9F83-A869302FFE96}.Release|x86.ActiveCfg = Release|x86
		{33A9906C-B4E1-49EB-9F83-A869302FFE96}.Release|x86.Build.0 = Release|x86
		{8490CF99-3A77-4989-9105-0527D7EC0DA1}.Debug|x86.ActiveCfg = Debug|x86
		{8490CF99-3A77-4989-9105-0527D7EC0DA1}.Debug|x86.Build.0 = Debug|x86
		{8490CF99-3A77-4989-9105-0527D7EC0DA1}.Release|x86.ActiveCfg = Release|x86
		{8490CF99-3A77-4989-9105-0527D7EC0DA1}.Release|x86.Build.0 = Release|x86
	EndGlobalSection
	GlobalSection(SolutionProperties) = preSolution
		HideSolutionNode = FALSE
	EndGlobalSection
	GlobalSection(NestedProjects) = preSolution
		{FD56228C-85C5-4D48-AD4B-0779F045E2FA} = {C352905C-9D0B-4D60-91EC-26F716988CAC}
		{0D104ED9-6692-445A-845E-93286EDE0F88} = {C352905C-9D0B-4D60-91EC-26F716988CAC}
		{B14043B9-38F9-49ED-9167-E141AE095362} = {C352905C-9D0B-4D60-91EC-26F716988CAC}
		{2D16B0EA-9369-4FAE-8B66-6B351DAB99EE} = {C352905C-9D0B-4D60-91EC-26F716988CAC}
		{17CD42ED-66E1-4A3E-B8F2-D25C9859A5EF} = {C352905C-9D0B-4D60-91EC-26F716988CAC}
		{7DC9B52A-A0C5-4CF6-A036-E5AC028DCA3D} = {824A9E60-EA83-4053-8123-68857D7C3DC7}
		{28C0502B-0C43-462D-A99A-2FA6ABAA3B36} = {824A9E60-EA83-4053-8123-68857D7C3DC7}
		{B75F2998-1945-488A-B855-0E6022AD208F} = {824A9E60-EA83-4053-8123-68857D7C3DC7}
		{A543A38E-26E0-41BF-86C1-94F0A45E57A7} = {824A9E60-EA83-4053-8123-68857D7C3DC7}
		{71825391-87FC-4020-A27B-98447B411229} = {824A9E60-EA83-4053-8123-68857D7C3DC7}
		{BE2B9941-BEDB-425A-9665-754822851FEC} = {824A9E60-EA83-4053-8123-68857D7C3DC7}
		{0A6EDC55-FE9E-4EBD-AC38-352C4FD5CC49} = {824A9E60-EA83-4053-8123-68857D7C3DC7}
		{1A468B49-325A-4F33-95E0-926A3B2B258F} = {D34CD9D4-8B4B-47CC-B27A-9EB3370E7B08}
		{9CD40EC0-8078-408C-A049-3D47BD4497EF} = {D34CD9D4-8B4B-47CC-B27A-9EB3370E7B08}
		{305ACE78-3E45-4709-9978-822A92360BC9} = {D34CD9D4-8B4B-47CC-B27A-9EB3370E7B08}
		{28163E8E-A703-4B14-8E0B-B0B5CA89CC93} = {D34CD9D4-8B4B-47CC-B27A-9EB3370E7B08}
		{74345491-AB08-4433-9A93-CBF44A5802DB} = {D34CD9D4-8B4B-47CC-B27A-9EB3370E7B08}
		{11D2264B-39D2-4BD0-A832-B6DB401FC9C0} = {D34CD9D4-8B4B-47CC-B27A-9EB3370E7B08}
		{16D1A433-7ED8-4F5A-BD42-57CBADB914D8} = {D34CD9D4-8B4B-47CC-B27A-9EB3370E7B08}
		{33A9906C-B4E1-49EB-9F83-A869302FFE96} = {D34CD9D4-8B4B-47CC-B27A-9EB3370E7B08}
		{8490CF99-3A77-4989-9105-0527D7EC0DA1} = {D34CD9D4-8B4B-47CC-B27A-9EB3370E7B08}
	EndGlobalSection
EndGlobal
